// !$*UTF8*$!
{
	archiveVersion = 1;
	classes = {
	};
	objectVersion = 50;
	objects = {

/* Begin PBXBuildFile section */
		A997CA4422828970008F0293 /* AppDelegate.swift in Sources */ = {isa = PBXBuildFile; fileRef = A997CA4322828970008F0293 /* AppDelegate.swift */; };
		A997CA4622828970008F0293 /* ViewController.swift in Sources */ = {isa = PBXBuildFile; fileRef = A997CA4522828970008F0293 /* ViewController.swift */; };
		A997CA4922828970008F0293 /* Main.storyboard in Resources */ = {isa = PBXBuildFile; fileRef = A997CA4722828970008F0293 /* Main.storyboard */; };
		A997CA4B22828972008F0293 /* Assets.xcassets in Resources */ = {isa = PBXBuildFile; fileRef = A997CA4A22828972008F0293 /* Assets.xcassets */; };
		A997CA4E22828972008F0293 /* LaunchScreen.storyboard in Resources */ = {isa = PBXBuildFile; fileRef = A997CA4C22828972008F0293 /* LaunchScreen.storyboard */; };
		A997CA57228289C4008F0293 /* BarEntry.swift in Sources */ = {isa = PBXBuildFile; fileRef = A997CA56228289C4008F0293 /* BarEntry.swift */; };
		A997CA5B22828A1A008F0293 /* BeautifulBarChart.swift in Sources */ = {isa = PBXBuildFile; fileRef = A997CA5A22828A1A008F0293 /* BeautifulBarChart.swift */; };
		A997CA5D22828A60008F0293 /* BasicBarChart.swift in Sources */ = {isa = PBXBuildFile; fileRef = A997CA5C22828A60008F0293 /* BasicBarChart.swift */; };
/* End PBXBuildFile section */

/* Begin PBXFileReference section */
		A997CA4022828970008F0293 /* BarChart.app */ = {isa = PBXFileReference; explicitFileType = wrapper.application; includeInIndex = 0; path = BarChart.app; sourceTree = BUILT_PRODUCTS_DIR; };
		A997CA4322828970008F0293 /* AppDelegate.swift */ = {isa = PBXFileReference; lastKnownFileType = sourcecode.swift; path = AppDelegate.swift; sourceTree = "<group>"; };
		A997CA4522828970008F0293 /* ViewController.swift */ = {isa = PBXFileReference; lastKnownFileType = sourcecode.swift; path = ViewController.swift; sourceTree = "<group>"; };
		A997CA4822828970008F0293 /* Base */ = {isa = PBXFileReference; lastKnownFileType = file.storyboard; name = Base; path = Base.lproj/Main.storyboard; sourceTree = "<group>"; };
		A997CA4A22828972008F0293 /* Assets.xcassets */ = {isa = PBXFileReference; lastKnownFileType = folder.assetcatalog; path = Assets.xcassets; sourceTree = "<group>"; };
		A997CA4D22828972008F0293 /* Base */ = {isa = PBXFileReference; lastKnownFileType = file.storyboard; name = Base; path = Base.lproj/LaunchScreen.storyboard; sourceTree = "<group>"; };
		A997CA4F22828972008F0293 /* Info.plist */ = {isa = PBXFileReference; lastKnownFileType = text.plist.xml; path = Info.plist; sourceTree = "<group>"; };
		A997CA56228289C4008F0293 /* BarEntry.swift */ = {isa = PBXFileReference; lastKnownFileType = sourcecode.swift; path = BarEntry.swift; sourceTree = "<group>"; };
		A997CA5A22828A1A008F0293 /* BeautifulBarChart.swift */ = {isa = PBXFileReference; lastKnownFileType = sourcecode.swift; path = BeautifulBarChart.swift; sourceTree = "<group>"; };
		A997CA5C22828A60008F0293 /* BasicBarChart.swift */ = {isa = PBXFileReference; lastKnownFileType = sourcecode.swift; path = BasicBarChart.swift; sourceTree = "<group>"; };
/* End PBXFileReference section */

/* Begin PBXFrameworksBuildPhase section */
		A997CA3D22828970008F0293 /* Frameworks */ = {
			isa = PBXFrameworksBuildPhase;
			buildActionMask = 2147483647;
			files = (
			);
			runOnlyForDeploymentPostprocessing = 0;
		};
/* End PBXFrameworksBuildPhase section */

/* Begin PBXGroup section */
		A997CA3722828970008F0293 = {
			isa = PBXGroup;
			children = (
				A997CA4222828970008F0293 /* BarChart */,
				A997CA4122828970008F0293 /* Products */,
			);
			sourceTree = "<group>";
		};
		A997CA4122828970008F0293 /* Products */ = {
			isa = PBXGroup;
			children = (
				A997CA4022828970008F0293 /* BarChart.app */,
			);
			name = Products;
			sourceTree = "<group>";
		};
		A997CA4222828970008F0293 /* BarChart */ = {
			isa = PBXGroup;
			children = (
				A997CA55228289A1008F0293 /* BarChart */,
				A997CA4322828970008F0293 /* AppDelegate.swift */,
				A997CA4522828970008F0293 /* ViewController.swift */,
				A997CA4722828970008F0293 /* Main.storyboard */,
				A997CA4A22828972008F0293 /* Assets.xcassets */,
				A997CA4C22828972008F0293 /* LaunchScreen.storyboard */,
				A997CA4F22828972008F0293 /* Info.plist */,
			);
			path = BarChart;
			sourceTree = "<group>";
		};
		A997CA55228289A1008F0293 /* BarChart */ = {
			isa = PBXGroup;
			children = (
				A997CA56228289C4008F0293 /* BarEntry.swift */,
				A997CA5A22828A1A008F0293 /* BeautifulBarChart.swift */,
				A997CA5C22828A60008F0293 /* BasicBarChart.swift */,
			);
			path = BarChart;
			sourceTree = "<group>";
		};
/* End PBXGroup section */

/* Begin PBXNativeTarget section */
		A997CA3F22828970008F0293 /* BarChart */ = {
			isa = PBXNativeTarget;
			buildConfigurationList = A997CA5222828972008F0293 /* Build configuration list for PBXNativeTarget "BarChart" */;
			buildPhases = (
				A997CA3C22828970008F0293 /* Sources */,
				A997CA3D22828970008F0293 /* Frameworks */,
				A997CA3E22828970008F0293 /* Resources */,
			);
			buildRules = (
			);
			dependencies = (
			);
			name = BarChart;
			productName = BarChart;
			productReference = A997CA4022828970008F0293 /* BarChart.app */;
			productType = "com.apple.product-type.application";
		};
/* End PBXNativeTarget section */

/* Begin PBXProject section */
		A997CA3822828970008F0293 /* Project object */ = {
			isa = PBXProject;
			attributes = {
				LastSwiftUpdateCheck = 1010;
				LastUpgradeCheck = 1010;
				ORGANIZATIONNAME = Taof;
				TargetAttributes = {
					A997CA3F22828970008F0293 = {
						CreatedOnToolsVersion = 10.1;
					};
				};
			};
			buildConfigurationList = A997CA3B22828970008F0293 /* Build configuration list for PBXProject "BarChart" */;
			compatibilityVersion = "Xcode 9.3";
			developmentRegion = en;
			hasScannedForEncodings = 0;
			knownRegions = (
				en,
				Base,
			);
			mainGroup = A997CA3722828970008F0293;
			productRefGroup = A997CA4122828970008F0293 /* Products */;
			projectDirPath = "";
			projectRoot = "";
			targets = (
				A997CA3F22828970008F0293 /* BarChart */,
			);
		};
/* End PBXProject section */

/* Begin PBXResourcesBuildPhase section */
		A997CA3E22828970008F0293 /* Resources */ = {
			isa = PBXResourcesBuildPhase;
			buildActionMask = 2147483647;
			files = (
				A997CA4E22828972008F0293 /* LaunchScreen.storyboard in Resources */,
				A997CA4B22828972008F0293 /* Assets.xcassets in Resources */,
				A997CA4922828970008F0293 /* Main.storyboard in Resources */,
			);
			runOnlyForDeploymentPostprocessing = 0;
		};
/* End PBXResourcesBuildPhase section */

/* Begin PBXSourcesBuildPhase section */
		A997CA3C22828970008F0293 /* Sources */ = {
			isa = PBXSourcesBuildPhase;
			buildActionMask = 2147483647;
			files = (
				A997CA57228289C4008F0293 /* BarEntry.swift in Sources */,
				A997CA4622828970008F0293 /* ViewController.swift in Sources */,
				A997CA5D22828A60008F0293 /* BasicBarChart.swift in Sources */,
				A997CA5B22828A1A008F0293 /* BeautifulBarChart.swift in Sources */,
				A997CA4422828970008F0293 /* AppDelegate.swift in Sources */,
			);
			runOnlyForDeploymentPostprocessing = 0;
		};
/* End PBXSourcesBuildPhase section */

/* Begin PBXVariantGroup section */
		A997CA4722828970008F0293 /* Main.storyboard */ = {
			isa = PBXVariantGroup;
			children = (
				A997CA4822828970008F0293 /* Base */,
			);
			name = Main.storyboard;
			sourceTree = "<group>";
		};
		A997CA4C22828972008F0293 /* LaunchScreen.storyboard */ = {
			isa = PBXVariantGroup;
			children = (
				A997CA4D22828972008F0293 /* Base */,
			);
			name = LaunchScreen.storyboard;
			sourceTree = "<group>";
		};
/* End PBXVariantGroup section */

/* Begin XCBuildConfiguration section */
		A997CA5022828972008F0293 /* Debug */ = {
			isa = XCBuildConfiguration;
			buildSettings = {
				ALWAYS_SEARCH_USER_PATHS = NO;
				CLANG_ANALYZER_NONNULL = YES;
				CLANG_ANALYZER_NUMBER_OBJECT_CONVERSION = YES_AGGRESSIVE;
				CLANG_CXX_LANGUAGE_STANDARD = "gnu++14";
				CLANG_CXX_LIBRARY = "libc++";
				CLANG_ENABLE_MODULES = YES;
				CLANG_ENABLE_OBJC_ARC = YES;
				CLANG_ENABLE_OBJC_WEAK = YES;
				CLANG_WARN_BLOCK_CAPTURE_AUTORELEASING = YES;
				CLANG_WARN_BOOL_CONVERSION = YES;
				CLANG_WARN_COMMA = YES;
				CLANG_WARN_CONSTANT_CONVERSION = YES;
				CLANG_WARN_DEPRECATED_OBJC_IMPLEMENTATIONS = YES;
				CLANG_WARN_DIRECT_OBJC_ISA_USAGE = YES_ERROR;
				CLANG_WARN_DOCUMENTATION_COMMENTS = YES;
				CLANG_WARN_EMPTY_BODY = YES;
				CLANG_WARN_ENUM_CONVERSION = YES;
				CLANG_WARN_INFINITE_RECURSION = YES;
				CLANG_WARN_INT_CONVERSION = YES;
				CLANG_WARN_NON_LITERAL_NULL_CONVERSION = YES;
				CLANG_WARN_OBJC_IMPLICIT_RETAIN_SELF = YES;
				CLANG_WARN_OBJC_LITERAL_CONVERSION = YES;
				CLANG_WARN_OBJC_ROOT_CLASS = YES_ERROR;
				CLANG_WARN_RANGE_LOOP_ANALYSIS = YES;
				CLANG_WARN_STRICT_PROTOTYPES = YES;
				CLANG_WARN_SUSPICIOUS_MOVE = YES;
				CLANG_WARN_UNGUARDED_AVAILABILITY = YES_AGGRESSIVE;
				CLANG_WARN_UNREACHABLE_CODE = YES;
				CLANG_WARN__DUPLICATE_METHOD_MATCH = YES;
				CODE_SIGN_IDENTITY = "iPhone Developer";
				COPY_PHASE_STRIP = NO;
				DEBUG_INFORMATION_FORMAT = dwarf;
				ENABLE_STRICT_OBJC_MSGSEND = YES;
				ENABLE_TESTABILITY = YES;
				GCC_C_LANGUAGE_STANDARD = gnu11;
				GCC_DYNAMIC_NO_PIC = NO;
				GCC_NO_COMMON_BLOCKS = YES;
				GCC_OPTIMIZATION_LEVEL = 0;
				GCC_PREPROCESSOR_DEFINITIONS = (
					"DEBUG=1",
					"$(inherited)",
				);
				GCC_WARN_64_TO_32_BIT_CONVERSION = YES;
				GCC_WARN_ABOUT_RETURN_TYPE = YES_ERROR;
				GCC_WARN_UNDECLARED_SELECTOR = YES;
				GCC_WARN_UNINITIALIZED_AUTOS = YES_AGGRESSIVE;
				GCC_WARN_UNUSED_FUNCTION = YES;
				GCC_WARN_UNUSED_VARIABLE = YES;
				IPHONEOS_DEPLOYMENT_TARGET = 12.1;
				MTL_ENABLE_DEBUG_INFO = INCLUDE_SOURCE;
				MTL_FAST_MATH = YES;
				ONLY_ACTIVE_ARCH = YES;
				SDKROOT = iphoneos;
				SWIFT_ACTIVE_COMPILATION_CONDITIONS = DEBUG;
				SWIFT_OPTIMIZATION_LEVEL = "-Onone";
			};
			name = Debug;
		};
		A997CA5122828972008F0293 /* Release */ = {
			isa = XCBuildConfiguration;
			buildSettings = {
				ALWAYS_SEARCH_USER_PATHS = NO;
				CLANG_ANALYZER_NONNULL = YES;
				CLANG_ANALYZER_NUMBER_OBJECT_CONVERSION = YES_AGGRESSIVE;
				CLANG_CXX_LANGUAGE_STANDARD = "gnu++14";
				CLANG_CXX_LIBRARY = "libc++";
				CLANG_ENABLE_MODULES = YES;
				CLANG_ENABLE_OBJC_ARC = YES;
				CLANG_ENABLE_OBJC_WEAK = YES;
				CLANG_WARN_BLOCK_CAPTURE_AUTORELEASING = YES;
				CLANG_WARN_BOOL_CONVERSION = YES;
				CLANG_WARN_COMMA = YES;
				CLANG_WARN_CONSTANT_CONVERSION = YES;
				CLANG_WARN_DEPRECATED_OBJC_IMPLEMENTATIONS = YES;
				CLANG_WARN_DIRECT_OBJC_ISA_USAGE = YES_ERROR;
				CLANG_WARN_DOCUMENTATION_COMMENTS = YES;
				CLANG_WARN_EMPTY_BODY = YES;
				CLANG_WARN_ENUM_CONVERSION = YES;
				CLANG_WARN_INFINITE_RECURSION = YES;
				CLANG_WARN_INT_CONVERSION = YES;
				CLANG_WARN_NON_LITERAL_NULL_CONVERSION = YES;
				CLANG_WARN_OBJC_IMPLICIT_RETAIN_SELF = YES;
				CLANG_WARN_OBJC_LITERAL_CONVERSION = YES;
				CLANG_WARN_OBJC_ROOT_CLASS = YES_ERROR;
				CLANG_WARN_RANGE_LOOP_ANALYSIS = YES;
				CLANG_WARN_STRICT_PROTOTYPES = YES;
				CLANG_WARN_SUSPICIOUS_MOVE = YES;
				CLANG_WARN_UNGUARDED_AVAILABILITY = YES_AGGRESSIVE;
				CLANG_WARN_UNREACHABLE_CODE = YES;
				CLANG_WARN__DUPLICATE_METHOD_MATCH = YES;
				CODE_SIGN_IDENTITY = "iPhone Developer";
				COPY_PHASE_STRIP = NO;
				DEBUG_INFORMATION_FORMAT = "dwarf-with-dsym";
				ENABLE_NS_ASSERTIONS = NO;
				ENABLE_STRICT_OBJC_MSGSEND = YES;
				GCC_C_LANGUAGE_STANDARD = gnu11;
				GCC_NO_COMMON_BLOCKS = YES;
				GCC_WARN_64_TO_32_BIT_CONVERSION = YES;
				GCC_WARN_ABOUT_RETURN_TYPE = YES_ERROR;
				GCC_WARN_UNDECLARED_SELECTOR = YES;
				GCC_WARN_UNINITIALIZED_AUTOS = YES_AGGRESSIVE;
				GCC_WARN_UNUSED_FUNCTION = YES;
				GCC_WARN_UNUSED_VARIABLE = YES;
				IPHONEOS_DEPLOYMENT_TARGET = 12.1;
				MTL_ENABLE_DEBUG_INFO = NO;
				MTL_FAST_MATH = YES;
				SDKROOT = iphoneos;
				SWIFT_COMPILATION_MODE = wholemodule;
				SWIFT_OPTIMIZATION_LEVEL = "-O";
				VALIDATE_PRODUCT = YES;
			};
			name = Release;
		};
		A997CA5322828972008F0293 /* Debug */ = {
			isa = XCBuildConfiguration;
			buildSettings = {
				ASSETCATALOG_COMPILER_APPICON_NAME = AppIcon;
				CODE_SIGN_STYLE = Automatic;
				DEVELOPMENT_TEAM = Z872JX6928;
				INFOPLIST_FILE = BarChart/Info.plist;
				IPHONEOS_DEPLOYMENT_TARGET = 9.0;
				LD_RUNPATH_SEARCH_PATHS = (
					"$(inherited)",
					"@executable_path/Frameworks",
				);
				PRODUCT_BUNDLE_IDENTIFIER = taoquynh.BarChart;
				PRODUCT_NAME = "$(TARGET_NAME)";
				SWIFT_VERSION = 4.2;
				TARGETED_DEVICE_FAMILY = "1,2";
			};
			name = Debug;
		};
		A997CA5422828972008F0293 /* Release */ = {
			isa = XCBuildConfiguration;
			buildSettings = {
				ASSETCATALOG_COMPILER_APPICON_NAME = AppIcon;
				CODE_SIGN_STYLE = Automatic;
				DEVELOPMENT_TEAM = Z872JX6928;
				INFOPLIST_FILE = BarChart/Info.plist;
				IPHONEOS_DEPLOYMENT_TARGET = 9.0;
				LD_RUNPATH_SEARCH_PATHS = (
					"$(inherited)",
					"@executable_path/Frameworks",
				);
				PRODUCT_BUNDLE_IDENTIFIER = taoquynh.BarChart;
				PRODUCT_NAME = "$(TARGET_NAME)";
				SWIFT_VERSION = 4.2;
				TARGETED_DEVICE_FAMILY = "1,2";
			};
			name = Release;
		};
/* End XCBuildConfiguration section */

/* Begin XCConfigurationList section */
		A997CA3B22828970008F0293 /* Build configuration list for PBXProject "BarChart" */ = {
			isa = XCConfigurationList;
			buildConfigurations = (
				A997CA5022828972008F0293 /* Debug */,
				A997CA5122828972008F0293 /* Release */,
			);
			defaultConfigurationIsVisible = 0;
			defaultConfigurationName = Release;
		};
		A997CA5222828972008F0293 /* Build configuration list for PBXNativeTarget "BarChart" */ = {
			isa = XCConfigurationList;
			buildConfigurations = (
				A997CA5322828972008F0293 /* Debug */,
				A997CA5422828972008F0293 /* Release */,
			);
			defaultConfigurationIsVisible = 0;
			defaultConfigurationName = Release;
		};
/* End XCConfigurationList section */
	};
	rootObject = A997CA3822828970008F0293 /* Project object */;
}
